
Microsoft Visual Studio Solution File, Format Version 12.00
Project("{2150E333-8FDC-42A3-9474-1A3956D46DE8}") = "src", "src", "{906EEE9A-DC72-4D31-98C7-B4326FAD3ED2}"
EndProject
Project("{2150E333-8FDC-42A3-9474-1A3956D46DE8}") = "tests", "tests", "{BAA2D534-4E1E-44C3-A801-B2DC8B3698C6}"
EndProject
Project("{FAE04EC0-301F-11D3-BF4B-00C04F79EFBC}") = "WebUI", "WebUI\WebUI.csproj", "{C2032CAC-09AD-49F1-B19C-C86DE0481AAD}"
EndProject
Project("{FAE04EC0-301F-11D3-BF4B-00C04F79EFBC}") = "Domain", "Domain\Domain.csproj", "{78891F2B-2101-4BF2-A873-2ECA7AC5D32C}"
EndProject
Project("{FAE04EC0-301F-11D3-BF4B-00C04F79EFBC}") = "Application", "Application\Application.csproj", "{41211A7B-A62B-4D54-B0B0-DBFBF480E149}"
EndProject
Project("{FAE04EC0-301F-11D3-BF4B-00C04F79EFBC}") = "Infrastructure", "Infrastructure\Infrastructure.csproj", "{7DBB7B7B-3768-4127-81B2-A3964B9A6F55}"
EndProject
Project("{FAE04EC0-301F-11D3-BF4B-00C04F79EFBC}") = "Application.UnitTests", "Application.UnitTests\Application.UnitTests.csproj", "{DDC4B1DF-14F0-423E-92E2-4F1418CB51E3}"
EndProject
Global
	GlobalSection(SolutionConfigurationPlatforms) = preSolution
		Debug|Any CPU = Debug|Any CPU
		Release|Any CPU = Release|Any CPU
	EndGlobalSection
	GlobalSection(NestedProjects) = preSolution
		{C2032CAC-09AD-49F1-B19C-C86DE0481AAD} = {906EEE9A-DC72-4D31-98C7-B4326FAD3ED2}
		{78891F2B-2101-4BF2-A873-2ECA7AC5D32C} = {906EEE9A-DC72-4D31-98C7-B4326FAD3ED2}
		{41211A7B-A62B-4D54-B0B0-DBFBF480E149} = {906EEE9A-DC72-4D31-98C7-B4326FAD3ED2}
		{7DBB7B7B-3768-4127-81B2-A3964B9A6F55} = {906EEE9A-DC72-4D31-98C7-B4326FAD3ED2}
		{DDC4B1DF-14F0-423E-92E2-4F1418CB51E3} = {BAA2D534-4E1E-44C3-A801-B2DC8B3698C6}
	EndGlobalSection
	GlobalSection(ProjectConfigurationPlatforms) = postSolution
		{C2032CAC-09AD-49F1-B19C-C86DE0481AAD}.Debug|Any CPU.ActiveCfg = Debug|Any CPU
		{C2032CAC-09AD-49F1-B19C-C86DE0481AAD}.Debug|Any CPU.Build.0 = Debug|Any CPU
		{C2032CAC-09AD-49F1-B19C-C86DE0481AAD}.Release|Any CPU.ActiveCfg = Release|Any CPU
		{C2032CAC-09AD-49F1-B19C-C86DE0481AAD}.Release|Any CPU.Build.0 = Release|Any CPU
		{78891F2B-2101-4BF2-A873-2ECA7AC5D32C}.Debug|Any CPU.ActiveCfg = Debug|Any CPU
		{78891F2B-2101-4BF2-A873-2ECA7AC5D32C}.Debug|Any CPU.Build.0 = Debug|Any CPU
		{78891F2B-2101-4BF2-A873-2ECA7AC5D32C}.Release|Any CPU.ActiveCfg = Release|Any CPU
		{78891F2B-2101-4BF2-A873-2ECA7AC5D32C}.Release|Any CPU.Build.0 = Release|Any CPU
		{41211A7B-A62B-4D54-B0B0-DBFBF480E149}.Debug|Any CPU.ActiveCfg = Debug|Any CPU
		{41211A7B-A62B-4D54-B0B0-DBFBF480E149}.Debug|Any CPU.Build.0 = Debug|Any CPU
		{41211A7B-A62B-4D54-B0B0-DBFBF480E149}.Release|Any CPU.ActiveCfg = Release|Any CPU
		{41211A7B-A62B-4D54-B0B0-DBFBF480E149}.Release|Any CPU.Build.0 = Release|Any CPU
		{7DBB7B7B-3768-4127-81B2-A3964B9A6F55}.Debug|Any CPU.ActiveCfg = Debug|Any CPU
		{7DBB7B7B-3768-4127-81B2-A3964B9A6F55}.Debug|Any CPU.Build.0 = Debug|Any CPU
		{7DBB7B7B-3768-4127-81B2-A3964B9A6F55}.Release|Any CPU.ActiveCfg = Release|Any CPU
		{7DBB7B7B-3768-4127-81B2-A3964B9A6F55}.Release|Any CPU.Build.0 = Release|Any CPU
		{DDC4B1DF-14F0-423E-92E2-4F1418CB51E3}.Debug|Any CPU.ActiveCfg = Debug|Any CPU
		{DDC4B1DF-14F0-423E-92E2-4F1418CB51E3}.Debug|Any CPU.Build.0 = Debug|Any CPU
		{DDC4B1DF-14F0-423E-92E2-4F1418CB51E3}.Release|Any CPU.ActiveCfg = Release|Any CPU
		{DDC4B1DF-14F0-423E-92E2-4F1418CB51E3}.Release|Any CPU.Build.0 = Release|Any CPU
	EndGlobalSection
EndGlobal
